// !$*UTF8*$!
{
	archiveVersion = 1;
	classes = {
	};
	objectVersion = 56;
	objects = {

/* Begin PBXBuildFile section */
		D2096D6B2A9E2E5B0051CCBB /* AppDelegate.swift in Sources */ = {isa = PBXBuildFile; fileRef = D2096D6A2A9E2E5B0051CCBB /* AppDelegate.swift */; };
		D2096D6D2A9E2E5B0051CCBB /* SceneDelegate.swift in Sources */ = {isa = PBXBuildFile; fileRef = D2096D6C2A9E2E5B0051CCBB /* SceneDelegate.swift */; };
		D2096D6F2A9E2E5B0051CCBB /* AllPostsViewController.swift in Sources */ = {isa = PBXBuildFile; fileRef = D2096D6E2A9E2E5B0051CCBB /* AllPostsViewController.swift */; };
		D2096D722A9E2E5B0051CCBB /* Main.storyboard in Resources */ = {isa = PBXBuildFile; fileRef = D2096D702A9E2E5B0051CCBB /* Main.storyboard */; };
		D2096D742A9E2E5B0051CCBB /* Assets.xcassets in Resources */ = {isa = PBXBuildFile; fileRef = D2096D732A9E2E5B0051CCBB /* Assets.xcassets */; };
		D2096D772A9E2E5B0051CCBB /* LaunchScreen.storyboard in Resources */ = {isa = PBXBuildFile; fileRef = D2096D752A9E2E5B0051CCBB /* LaunchScreen.storyboard */; };
		D2096D802A9E30270051CCBB /* PostReaderAPI.swift in Sources */ = {isa = PBXBuildFile; fileRef = D2096D7F2A9E30270051CCBB /* PostReaderAPI.swift */; };
		D2096D832A9E31D20051CCBB /* Post.swift in Sources */ = {isa = PBXBuildFile; fileRef = D2096D822A9E31D20051CCBB /* Post.swift */; };
		D2096D852A9E33460051CCBB /* PostsContainer.swift in Sources */ = {isa = PBXBuildFile; fileRef = D2096D842A9E33460051CCBB /* PostsContainer.swift */; };
		D2096D872A9E352D0051CCBB /* PostDetails.swift in Sources */ = {isa = PBXBuildFile; fileRef = D2096D862A9E352D0051CCBB /* PostDetails.swift */; };
		D2096D8F2A9E47690051CCBB /* PostView.xib in Resources */ = {isa = PBXBuildFile; fileRef = D2096D8E2A9E47690051CCBB /* PostView.xib */; };
		D2096D912A9E4E0B0051CCBB /* PostCellView.swift in Sources */ = {isa = PBXBuildFile; fileRef = D2096D902A9E4E0B0051CCBB /* PostCellView.swift */; };
		D236E39D2A9E5D9F004BDABF /* Constants.swift in Sources */ = {isa = PBXBuildFile; fileRef = D236E39C2A9E5D9F004BDABF /* Constants.swift */; };
		D236E3A02A9E7614004BDABF /* Extensions.swift in Sources */ = {isa = PBXBuildFile; fileRef = D236E39F2A9E7614004BDABF /* Extensions.swift */; };
		D236E3A22A9E81F7004BDABF /* PostDetailsViewController.swift in Sources */ = {isa = PBXBuildFile; fileRef = D236E3A12A9E81F7004BDABF /* PostDetailsViewController.swift */; };
		D2E4398F2A9F5FEB00E489F6 /* PostInfo.swift in Sources */ = {isa = PBXBuildFile; fileRef = D2E4398E2A9F5FEB00E489F6 /* PostInfo.swift */; };
/* End PBXBuildFile section */

/* Begin PBXFileReference section */
		D2096D672A9E2E5B0051CCBB /* NatifePostsReader.app */ = {isa = PBXFileReference; explicitFileType = wrapper.application; includeInIndex = 0; path = NatifePostsReader.app; sourceTree = BUILT_PRODUCTS_DIR; };
		D2096D6A2A9E2E5B0051CCBB /* AppDelegate.swift */ = {isa = PBXFileReference; lastKnownFileType = sourcecode.swift; path = AppDelegate.swift; sourceTree = "<group>"; };
		D2096D6C2A9E2E5B0051CCBB /* SceneDelegate.swift */ = {isa = PBXFileReference; lastKnownFileType = sourcecode.swift; path = SceneDelegate.swift; sourceTree = "<group>"; };
		D2096D6E2A9E2E5B0051CCBB /* AllPostsViewController.swift */ = {isa = PBXFileReference; lastKnownFileType = sourcecode.swift; path = AllPostsViewController.swift; sourceTree = "<group>"; };
		D2096D712A9E2E5B0051CCBB /* Base */ = {isa = PBXFileReference; lastKnownFileType = file.storyboard; name = Base; path = Base.lproj/Main.storyboard; sourceTree = "<group>"; };
		D2096D732A9E2E5B0051CCBB /* Assets.xcassets */ = {isa = PBXFileReference; lastKnownFileType = folder.assetcatalog; path = Assets.xcassets; sourceTree = "<group>"; };
		D2096D762A9E2E5B0051CCBB /* Base */ = {isa = PBXFileReference; lastKnownFileType = file.storyboard; name = Base; path = Base.lproj/LaunchScreen.storyboard; sourceTree = "<group>"; };
		D2096D782A9E2E5B0051CCBB /* Info.plist */ = {isa = PBXFileReference; lastKnownFileType = text.plist.xml; path = Info.plist; sourceTree = "<group>"; };
		D2096D7F2A9E30270051CCBB /* PostReaderAPI.swift */ = {isa = PBXFileReference; lastKnownFileType = sourcecode.swift; path = PostReaderAPI.swift; sourceTree = "<group>"; };
		D2096D822A9E31D20051CCBB /* Post.swift */ = {isa = PBXFileReference; lastKnownFileType = sourcecode.swift; path = Post.swift; sourceTree = "<group>"; };
		D2096D842A9E33460051CCBB /* PostsContainer.swift */ = {isa = PBXFileReference; lastKnownFileType = sourcecode.swift; path = PostsContainer.swift; sourceTree = "<group>"; };
		D2096D862A9E352D0051CCBB /* PostDetails.swift */ = {isa = PBXFileReference; lastKnownFileType = sourcecode.swift; path = PostDetails.swift; sourceTree = "<group>"; };
		D2096D8E2A9E47690051CCBB /* PostView.xib */ = {isa = PBXFileReference; lastKnownFileType = file.xib; path = PostView.xib; sourceTree = "<group>"; };
		D2096D902A9E4E0B0051CCBB /* PostCellView.swift */ = {isa = PBXFileReference; lastKnownFileType = sourcecode.swift; path = PostCellView.swift; sourceTree = "<group>"; };
		D236E39C2A9E5D9F004BDABF /* Constants.swift */ = {isa = PBXFileReference; lastKnownFileType = sourcecode.swift; path = Constants.swift; sourceTree = "<group>"; };
		D236E39F2A9E7614004BDABF /* Extensions.swift */ = {isa = PBXFileReference; lastKnownFileType = sourcecode.swift; path = Extensions.swift; sourceTree = "<group>"; };
		D236E3A12A9E81F7004BDABF /* PostDetailsViewController.swift */ = {isa = PBXFileReference; lastKnownFileType = sourcecode.swift; path = PostDetailsViewController.swift; sourceTree = "<group>"; };
		D2E4398E2A9F5FEB00E489F6 /* PostInfo.swift */ = {isa = PBXFileReference; lastKnownFileType = sourcecode.swift; path = PostInfo.swift; sourceTree = "<group>"; };
/* End PBXFileReference section */

/* Begin PBXFrameworksBuildPhase section */
		D2096D642A9E2E5B0051CCBB /* Frameworks */ = {
			isa = PBXFrameworksBuildPhase;
			buildActionMask = 2147483647;
			files = (
			);
			runOnlyForDeploymentPostprocessing = 0;
		};
/* End PBXFrameworksBuildPhase section */

/* Begin PBXGroup section */
		D2096D5E2A9E2E5B0051CCBB = {
			isa = PBXGroup;
			children = (
				D2096D692A9E2E5B0051CCBB /* NatifePostsReader */,
				D2096D682A9E2E5B0051CCBB /* Products */,
			);
			sourceTree = "<group>";
		};
		D2096D682A9E2E5B0051CCBB /* Products */ = {
			isa = PBXGroup;
			children = (
				D2096D672A9E2E5B0051CCBB /* NatifePostsReader.app */,
			);
			name = Products;
			sourceTree = "<group>";
		};
		D2096D692A9E2E5B0051CCBB /* NatifePostsReader */ = {
			isa = PBXGroup;
			children = (
				D236E39E2A9E75F4004BDABF /* Utils */,
				D2096D8D2A9E45D20051CCBB /* ViewController */,
				D2096D8B2A9E44F80051CCBB /* Model */,
				D2096D8C2A9E45090051CCBB /* View */,
				D2096D7E2A9E30160051CCBB /* API */,
				D2096D6A2A9E2E5B0051CCBB /* AppDelegate.swift */,
				D2096D6C2A9E2E5B0051CCBB /* SceneDelegate.swift */,
				D2096D732A9E2E5B0051CCBB /* Assets.xcassets */,
				D2096D752A9E2E5B0051CCBB /* LaunchScreen.storyboard */,
				D2096D782A9E2E5B0051CCBB /* Info.plist */,
			);
			path = NatifePostsReader;
			sourceTree = "<group>";
		};
		D2096D7E2A9E30160051CCBB /* API */ = {
			isa = PBXGroup;
			children = (
				D2096D7F2A9E30270051CCBB /* PostReaderAPI.swift */,
			);
			path = API;
			sourceTree = "<group>";
		};
		D2096D8B2A9E44F80051CCBB /* Model */ = {
			isa = PBXGroup;
			children = (
				D2096D822A9E31D20051CCBB /* Post.swift */,
				D2096D842A9E33460051CCBB /* PostsContainer.swift */,
				D2096D862A9E352D0051CCBB /* PostDetails.swift */,
				D2E4398E2A9F5FEB00E489F6 /* PostInfo.swift */,
			);
			path = Model;
			sourceTree = "<group>";
		};
		D2096D8C2A9E45090051CCBB /* View */ = {
			isa = PBXGroup;
			children = (
				D2096D702A9E2E5B0051CCBB /* Main.storyboard */,
				D2096D8E2A9E47690051CCBB /* PostView.xib */,
				D2096D902A9E4E0B0051CCBB /* PostCellView.swift */,
			);
			path = View;
			sourceTree = "<group>";
		};
		D2096D8D2A9E45D20051CCBB /* ViewController */ = {
			isa = PBXGroup;
			children = (
				D2096D6E2A9E2E5B0051CCBB /* AllPostsViewController.swift */,
				D236E3A12A9E81F7004BDABF /* PostDetailsViewController.swift */,
			);
			path = ViewController;
			sourceTree = "<group>";
		};
		D236E39E2A9E75F4004BDABF /* Utils */ = {
			isa = PBXGroup;
			children = (
				D236E39C2A9E5D9F004BDABF /* Constants.swift */,
				D236E39F2A9E7614004BDABF /* Extensions.swift */,
			);
			path = Utils;
			sourceTree = "<group>";
		};
/* End PBXGroup section */

/* Begin PBXNativeTarget section */
		D2096D662A9E2E5B0051CCBB /* NatifePostsReader */ = {
			isa = PBXNativeTarget;
			buildConfigurationList = D2096D7B2A9E2E5B0051CCBB /* Build configuration list for PBXNativeTarget "NatifePostsReader" */;
			buildPhases = (
				D2096D632A9E2E5B0051CCBB /* Sources */,
				D2096D642A9E2E5B0051CCBB /* Frameworks */,
				D2096D652A9E2E5B0051CCBB /* Resources */,
			);
			buildRules = (
			);
			dependencies = (
			);
			name = NatifePostsReader;
			packageProductDependencies = (
			);
			productName = NatifePostsReader;
			productReference = D2096D672A9E2E5B0051CCBB /* NatifePostsReader.app */;
			productType = "com.apple.product-type.application";
		};
/* End PBXNativeTarget section */

/* Begin PBXProject section */
		D2096D5F2A9E2E5B0051CCBB /* Project object */ = {
			isa = PBXProject;
			attributes = {
				BuildIndependentTargetsInParallel = 1;
				LastSwiftUpdateCheck = 1430;
				LastUpgradeCheck = 1430;
				TargetAttributes = {
					D2096D662A9E2E5B0051CCBB = {
						CreatedOnToolsVersion = 14.3.1;
					};
				};
			};
			buildConfigurationList = D2096D622A9E2E5B0051CCBB /* Build configuration list for PBXProject "NatifePostsReader" */;
			compatibilityVersion = "Xcode 14.0";
			developmentRegion = en;
			hasScannedForEncodings = 0;
			knownRegions = (
				en,
				Base,
			);
			mainGroup = D2096D5E2A9E2E5B0051CCBB;
			packageReferences = (
				D236E3A52A9E8564004BDABF /* XCRemoteSwiftPackageReference "Kingfisher" */,
			);
			productRefGroup = D2096D682A9E2E5B0051CCBB /* Products */;
			projectDirPath = "";
			projectRoot = "";
			targets = (
				D2096D662A9E2E5B0051CCBB /* NatifePostsReader */,
			);
		};
/* End PBXProject section */

/* Begin PBXResourcesBuildPhase section */
		D2096D652A9E2E5B0051CCBB /* Resources */ = {
			isa = PBXResourcesBuildPhase;
			buildActionMask = 2147483647;
			files = (
				D2096D772A9E2E5B0051CCBB /* LaunchScreen.storyboard in Resources */,
				D2096D742A9E2E5B0051CCBB /* Assets.xcassets in Resources */,
				D2096D8F2A9E47690051CCBB /* PostView.xib in Resources */,
				D2096D722A9E2E5B0051CCBB /* Main.storyboard in Resources */,
			);
			runOnlyForDeploymentPostprocessing = 0;
		};
/* End PBXResourcesBuildPhase section */

/* Begin PBXSourcesBuildPhase section */
		D2096D632A9E2E5B0051CCBB /* Sources */ = {
			isa = PBXSourcesBuildPhase;
			buildActionMask = 2147483647;
			files = (
				D2096D6F2A9E2E5B0051CCBB /* AllPostsViewController.swift in Sources */,
				D2E4398F2A9F5FEB00E489F6 /* PostInfo.swift in Sources */,
				D2096D852A9E33460051CCBB /* PostsContainer.swift in Sources */,
				D2096D802A9E30270051CCBB /* PostReaderAPI.swift in Sources */,
				D2096D6B2A9E2E5B0051CCBB /* AppDelegate.swift in Sources */,
				D236E39D2A9E5D9F004BDABF /* Constants.swift in Sources */,
				D2096D872A9E352D0051CCBB /* PostDetails.swift in Sources */,
				D2096D912A9E4E0B0051CCBB /* PostCellView.swift in Sources */,
				D2096D6D2A9E2E5B0051CCBB /* SceneDelegate.swift in Sources */,
				D236E3A22A9E81F7004BDABF /* PostDetailsViewController.swift in Sources */,
				D236E3A02A9E7614004BDABF /* Extensions.swift in Sources */,
				D2096D832A9E31D20051CCBB /* Post.swift in Sources */,
			);
			runOnlyForDeploymentPostprocessing = 0;
		};
/* End PBXSourcesBuildPhase section */

/* Begin PBXVariantGroup section */
		D2096D702A9E2E5B0051CCBB /* Main.storyboard */ = {
			isa = PBXVariantGroup;
			children = (
				D2096D712A9E2E5B0051CCBB /* Base */,
			);
			name = Main.storyboard;
			sourceTree = "<group>";
		};
		D2096D752A9E2E5B0051CCBB /* LaunchScreen.storyboard */ = {
			isa = PBXVariantGroup;
			children = (
				D2096D762A9E2E5B0051CCBB /* Base */,
			);
			name = LaunchScreen.storyboard;
			sourceTree = "<group>";
		};
/* End PBXVariantGroup section */

/* Begin XCBuildConfiguration section */
		D2096D792A9E2E5B0051CCBB /* Debug */ = {
			isa = XCBuildConfiguration;
			buildSettings = {
				ALWAYS_SEARCH_USER_PATHS = NO;
				CLANG_ANALYZER_NONNULL = YES;
				CLANG_ANALYZER_NUMBER_OBJECT_CONVERSION = YES_AGGRESSIVE;
				CLANG_CXX_LANGUAGE_STANDARD = "gnu++20";
				CLANG_ENABLE_MODULES = YES;
				CLANG_ENABLE_OBJC_ARC = YES;
				CLANG_ENABLE_OBJC_WEAK = YES;
				CLANG_WARN_BLOCK_CAPTURE_AUTORELEASING = YES;
				CLANG_WARN_BOOL_CONVERSION = YES;
				CLANG_WARN_COMMA = YES;
				CLANG_WARN_CONSTANT_CONVERSION = YES;
				CLANG_WARN_DEPRECATED_OBJC_IMPLEMENTATIONS = YES;
				CLANG_WARN_DIRECT_OBJC_ISA_USAGE = YES_ERROR;
				CLANG_WARN_DOCUMENTATION_COMMENTS = YES;
				CLANG_WARN_EMPTY_BODY = YES;
				CLANG_WARN_ENUM_CONVERSION = YES;
				CLANG_WARN_INFINITE_RECURSION = YES;
				CLANG_WARN_INT_CONVERSION = YES;
				CLANG_WARN_NON_LITERAL_NULL_CONVERSION = YES;
				CLANG_WARN_OBJC_IMPLICIT_RETAIN_SELF = YES;
				CLANG_WARN_OBJC_LITERAL_CONVERSION = YES;
				CLANG_WARN_OBJC_ROOT_CLASS = YES_ERROR;
				CLANG_WARN_QUOTED_INCLUDE_IN_FRAMEWORK_HEADER = YES;
				CLANG_WARN_RANGE_LOOP_ANALYSIS = YES;
				CLANG_WARN_STRICT_PROTOTYPES = YES;
				CLANG_WARN_SUSPICIOUS_MOVE = YES;
				CLANG_WARN_UNGUARDED_AVAILABILITY = YES_AGGRESSIVE;
				CLANG_WARN_UNREACHABLE_CODE = YES;
				CLANG_WARN__DUPLICATE_METHOD_MATCH = YES;
				COPY_PHASE_STRIP = NO;
				DEBUG_INFORMATION_FORMAT = dwarf;
				ENABLE_STRICT_OBJC_MSGSEND = YES;
				ENABLE_TESTABILITY = YES;
				GCC_C_LANGUAGE_STANDARD = gnu11;
				GCC_DYNAMIC_NO_PIC = NO;
				GCC_NO_COMMON_BLOCKS = YES;
				GCC_OPTIMIZATION_LEVEL = 0;
				GCC_PREPROCESSOR_DEFINITIONS = (
					"DEBUG=1",
					"$(inherited)",
				);
				GCC_WARN_64_TO_32_BIT_CONVERSION = YES;
				GCC_WARN_ABOUT_RETURN_TYPE = YES_ERROR;
				GCC_WARN_UNDECLARED_SELECTOR = YES;
				GCC_WARN_UNINITIALIZED_AUTOS = YES_AGGRESSIVE;
				GCC_WARN_UNUSED_FUNCTION = YES;
				GCC_WARN_UNUSED_VARIABLE = YES;
				IPHONEOS_DEPLOYMENT_TARGET = 16.4;
				MTL_ENABLE_DEBUG_INFO = INCLUDE_SOURCE;
				MTL_FAST_MATH = YES;
				ONLY_ACTIVE_ARCH = YES;
				SDKROOT = iphoneos;
				SWIFT_ACTIVE_COMPILATION_CONDITIONS = DEBUG;
				SWIFT_OPTIMIZATION_LEVEL = "-Onone";
			};
			name = Debug;
		};
		D2096D7A2A9E2E5B0051CCBB /* Release */ = {
			isa = XCBuildConfiguration;
			buildSettings = {
				ALWAYS_SEARCH_USER_PATHS = NO;
				CLANG_ANALYZER_NONNULL = YES;
				CLANG_ANALYZER_NUMBER_OBJECT_CONVERSION = YES_AGGRESSIVE;
				CLANG_CXX_LANGUAGE_STANDARD = "gnu++20";
				CLANG_ENABLE_MODULES = YES;
				CLANG_ENABLE_OBJC_ARC = YES;
				CLANG_ENABLE_OBJC_WEAK = YES;
				CLANG_WARN_BLOCK_CAPTURE_AUTORELEASING = YES;
				CLANG_WARN_BOOL_CONVERSION = YES;
				CLANG_WARN_COMMA = YES;
				CLANG_WARN_CONSTANT_CONVERSION = YES;
				CLANG_WARN_DEPRECATED_OBJC_IMPLEMENTATIONS = YES;
				CLANG_WARN_DIRECT_OBJC_ISA_USAGE = YES_ERROR;
				CLANG_WARN_DOCUMENTATION_COMMENTS = YES;
				CLANG_WARN_EMPTY_BODY = YES;
				CLANG_WARN_ENUM_CONVERSION = YES;
				CLANG_WARN_INFINITE_RECURSION = YES;
				CLANG_WARN_INT_CONVERSION = YES;
				CLANG_WARN_NON_LITERAL_NULL_CONVERSION = YES;
				CLANG_WARN_OBJC_IMPLICIT_RETAIN_SELF = YES;
				CLANG_WARN_OBJC_LITERAL_CONVERSION = YES;
				CLANG_WARN_OBJC_ROOT_CLASS = YES_ERROR;
				CLANG_WARN_QUOTED_INCLUDE_IN_FRAMEWORK_HEADER = YES;
				CLANG_WARN_RANGE_LOOP_ANALYSIS = YES;
				CLANG_WARN_STRICT_PROTOTYPES = YES;
				CLANG_WARN_SUSPICIOUS_MOVE = YES;
				CLANG_WARN_UNGUARDED_AVAILABILITY = YES_AGGRESSIVE;
				CLANG_WARN_UNREACHABLE_CODE = YES;
				CLANG_WARN__DUPLICATE_METHOD_MATCH = YES;
				COPY_PHASE_STRIP = NO;
				DEBUG_INFORMATION_FORMAT = "dwarf-with-dsym";
				ENABLE_NS_ASSERTIONS = NO;
				ENABLE_STRICT_OBJC_MSGSEND = YES;
				GCC_C_LANGUAGE_STANDARD = gnu11;
				GCC_NO_COMMON_BLOCKS = YES;
				GCC_WARN_64_TO_32_BIT_CONVERSION = YES;
				GCC_WARN_ABOUT_RETURN_TYPE = YES_ERROR;
				GCC_WARN_UNDECLARED_SELECTOR = YES;
				GCC_WARN_UNINITIALIZED_AUTOS = YES_AGGRESSIVE;
				GCC_WARN_UNUSED_FUNCTION = YES;
				GCC_WARN_UNUSED_VARIABLE = YES;
				IPHONEOS_DEPLOYMENT_TARGET = 16.4;
				MTL_ENABLE_DEBUG_INFO = NO;
				MTL_FAST_MATH = YES;
				SDKROOT = iphoneos;
				SWIFT_COMPILATION_MODE = wholemodule;
				SWIFT_OPTIMIZATION_LEVEL = "-O";
				VALIDATE_PRODUCT = YES;
			};
			name = Release;
		};
		D2096D7C2A9E2E5B0051CCBB /* Debug */ = {
			isa = XCBuildConfiguration;
			buildSettings = {
				ASSETCATALOG_COMPILER_APPICON_NAME = AppIcon;
				ASSETCATALOG_COMPILER_GLOBAL_ACCENT_COLOR_NAME = AccentColor;
				CODE_SIGN_STYLE = Automatic;
				CURRENT_PROJECT_VERSION = 1;
				DEVELOPMENT_TEAM = WWVXY36FK8;
				GENERATE_INFOPLIST_FILE = YES;
				INFOPLIST_FILE = NatifePostsReader/Info.plist;
				INFOPLIST_KEY_UIApplicationSupportsIndirectInputEvents = YES;
				INFOPLIST_KEY_UILaunchStoryboardName = LaunchScreen;
				INFOPLIST_KEY_UIMainStoryboardFile = Main;
				INFOPLIST_KEY_UISupportedInterfaceOrientations_iPad = "UIInterfaceOrientationPortrait UIInterfaceOrientationPortraitUpsideDown UIInterfaceOrientationLandscapeLeft UIInterfaceOrientationLandscapeRight";
				INFOPLIST_KEY_UISupportedInterfaceOrientations_iPhone = "UIInterfaceOrientationPortrait UIInterfaceOrientationLandscapeLeft UIInterfaceOrientationLandscapeRight";
				LD_RUNPATH_SEARCH_PATHS = (
					"$(inherited)",
					"@executable_path/Frameworks",
				);
				MARKETING_VERSION = 1.0;
				PRODUCT_BUNDLE_IDENTIFIER = TobiasFate.NatifePostsReader;
				PRODUCT_NAME = "$(TARGET_NAME)";
				SWIFT_EMIT_LOC_STRINGS = YES;
				SWIFT_VERSION = 5.0;
				TARGETED_DEVICE_FAMILY = "1,2";
			};
			name = Debug;
		};
		D2096D7D2A9E2E5B0051CCBB /* Release */ = {
			isa = XCBuildConfiguration;
			buildSettings = {
				ASSETCATALOG_COMPILER_APPICON_NAME = AppIcon;
				ASSETCATALOG_COMPILER_GLOBAL_ACCENT_COLOR_NAME = AccentColor;
				CODE_SIGN_STYLE = Automatic;
				CURRENT_PROJECT_VERSION = 1;
				DEVELOPMENT_TEAM = WWVXY36FK8;
				GENERATE_INFOPLIST_FILE = YES;
				INFOPLIST_FILE = NatifePostsReader/Info.plist;
				INFOPLIST_KEY_UIApplicationSupportsIndirectInputEvents = YES;
				INFOPLIST_KEY_UILaunchStoryboardName = LaunchScreen;
				INFOPLIST_KEY_UIMainStoryboardFile = Main;
				INFOPLIST_KEY_UISupportedInterfaceOrientations_iPad = "UIInterfaceOrientationPortrait UIInterfaceOrientationPortraitUpsideDown UIInterfaceOrientationLandscapeLeft UIInterfaceOrientationLandscapeRight";
				INFOPLIST_KEY_UISupportedInterfaceOrientations_iPhone = "UIInterfaceOrientationPortrait UIInterfaceOrientationLandscapeLeft UIInterfaceOrientationLandscapeRight";
				LD_RUNPATH_SEARCH_PATHS = (
					"$(inherited)",
					"@executable_path/Frameworks",
				);
				MARKETING_VERSION = 1.0;
				PRODUCT_BUNDLE_IDENTIFIER = TobiasFate.NatifePostsReader;
				PRODUCT_NAME = "$(TARGET_NAME)";
				SWIFT_EMIT_LOC_STRINGS = YES;
				SWIFT_VERSION = 5.0;
				TARGETED_DEVICE_FAMILY = "1,2";
			};
			name = Release;
		};
/* End XCBuildConfiguration section */

/* Begin XCConfigurationList section */
		D2096D622A9E2E5B0051CCBB /* Build configuration list for PBXProject "NatifePostsReader" */ = {
			isa = XCConfigurationList;
			buildConfigurations = (
				D2096D792A9E2E5B0051CCBB /* Debug */,
				D2096D7A2A9E2E5B0051CCBB /* Release */,
			);
			defaultConfigurationIsVisible = 0;
			defaultConfigurationName = Release;
		};
		D2096D7B2A9E2E5B0051CCBB /* Build configuration list for PBXNativeTarget "NatifePostsReader" */ = {
			isa = XCConfigurationList;
			buildConfigurations = (
				D2096D7C2A9E2E5B0051CCBB /* Debug */,
				D2096D7D2A9E2E5B0051CCBB /* Release */,
			);
			defaultConfigurationIsVisible = 0;
			defaultConfigurationName = Release;
		};
/* End XCConfigurationList section */

/* Begin XCRemoteSwiftPackageReference section */
		D236E3A52A9E8564004BDABF /* XCRemoteSwiftPackageReference "Kingfisher" */ = {
			isa = XCRemoteSwiftPackageReference;
			repositoryURL = "https://github.com/onevcat/Kingfisher.git";
			requirement = {
				kind = upToNextMajorVersion;
				minimumVersion = 7.0.0;
			};
		};
/* End XCRemoteSwiftPackageReference section */
	};
	rootObject = D2096D5F2A9E2E5B0051CCBB /* Project object */;
}
